lockfileVersion: '6.0'

settings:
  autoInstallPeers: true
  excludeLinksFromLockfile: false

devDependencies:
  '@types/node':
    specifier: 18.18.0
    version: 18.18.0

packages:

  /@types/node@18.18.0:
    resolution: {integrity: sha512-3xA4X31gHT1F1l38ATDIL9GpRLdwVhnEFC8Uikv5ZLlXATwrCYyPq7ZWHxzxc3J/30SUiwiYT+bQe0/XvKlWbw==}
    dev: true
